Microsoft Visual Studio Solution File, Format Version 12.00
# Visual Studio 15
VisualStudioVersion = 15.0.28307.106
MinimumVisualStudioVersion = 10.0.40219.1
Project("{9A19103F-16F7-4668-BE54-9A1E7A4F7556}") = "MFG_Day_2025_Scale", "MFG_Day_2025_Scale.csproj", "{A3229448-EDB0-29DA-60DA-FCEE72588D36}"
EndProject
Global
    GlobalSection(SolutionConfigurationPlatforms) = preSolution
        Debug|Any CPU = Debug|Any CPU
        Release|Any CPU = Release|Any CPU
    EndGlobalSection
    GlobalSection(ProjectConfigurationPlatforms) = postSolution
        {A3229448-EDB0-29DA-60DA-FCEE72588D36}.Debug|Any CPU.ActiveCfg = Debug|Any CPU
        {A3229448-EDB0-29DA-60DA-FCEE72588D36}.Debug|Any CPU.Build.0 = Debug|Any CPU
        {A3229448-EDB0-29DA-60DA-FCEE72588D36}.Release|Any CPU.ActiveCfg = Release|Any CPU
        {A3229448-EDB0-29DA-60DA-FCEE72588D36}.Release|Any CPU.Build.0 = Release|Any CPU
    EndGlobalSection
    GlobalSection(SolutionProperties) = preSolution
        HideSolutionNode = FALSE
    EndGlobalSection
EndGlobal
